
Microsoft Visual Studio Solution File, Format Version 12.00
# Visual Studio Version 17
VisualStudioVersion = 17.6.33723.286
MinimumVisualStudioVersion = 10.0.40219.1
Project("{9A19103F-16F7-4668-BE54-9A1E7A4F7556}") = "ServerSharing", "ServerSharing\ServerSharing.csproj", "{AD8FBE54-F363-4DE5-AE4D-1037867A3A26}"
EndProject
Project("{9A19103F-16F7-4668-BE54-9A1E7A4F7556}") = "ServerSharingTests", "ServerSharingTests\ServerSharingTests.csproj", "{B505E621-F747-4998-B862-C17D55A1BDCF}"
EndProject
Project("{FAE04EC0-301F-11D3-BF4B-00C04F79EFBC}") = "ServerSharing.Data", "ServerSharing.Data\ServerSharing.Data.csproj", "{D64AA507-C939-49B4-8A63-32EE8D17A293}"
EndProject
Global
	GlobalSection(SolutionConfigurationPlatforms) = preSolution
		Debug|Any CPU = Debug|Any CPU
		Release|Any CPU = Release|Any CPU
	EndGlobalSection
	GlobalSection(ProjectConfigurationPlatforms) = postSolution
		{AD8FBE54-F363-4DE5-AE4D-1037867A3A26}.Debug|Any CPU.ActiveCfg = Debug|Any CPU
		{AD8FBE54-F363-4DE5-AE4D-1037867A3A26}.Debug|Any CPU.Build.0 = Debug|Any CPU
		{AD8FBE54-F363-4DE5-AE4D-1037867A3A26}.Release|Any CPU.ActiveCfg = Release|Any CPU
		{AD8FBE54-F363-4DE5-AE4D-1037867A3A26}.Release|Any CPU.Build.0 = Release|Any CPU
		{B505E621-F747-4998-B862-C17D55A1BDCF}.Debug|Any CPU.ActiveCfg = Debug|Any CPU
		{B505E621-F747-4998-B862-C17D55A1BDCF}.Debug|Any CPU.Build.0 = Debug|Any CPU
		{B505E621-F747-4998-B862-C17D55A1BDCF}.Release|Any CPU.ActiveCfg = Release|Any CPU
		{B505E621-F747-4998-B862-C17D55A1BDCF}.Release|Any CPU.Build.0 = Release|Any CPU
		{D64AA507-C939-49B4-8A63-32EE8D17A293}.Debug|Any CPU.ActiveCfg = Debug|Any CPU
		{D64AA507-C939-49B4-8A63-32EE8D17A293}.Debug|Any CPU.Build.0 = Debug|Any CPU
		{D64AA507-C939-49B4-8A63-32EE8D17A293}.Release|Any CPU.ActiveCfg = Release|Any CPU
		{D64AA507-C939-49B4-8A63-32EE8D17A293}.Release|Any CPU.Build.0 = Release|Any CPU
	EndGlobalSection
	GlobalSection(SolutionProperties) = preSolution
		HideSolutionNode = FALSE
	EndGlobalSection
	GlobalSection(ExtensibilityGlobals) = postSolution
		SolutionGuid = {3CF38B00-945E-4759-9E8E-461FD762CD38}
	EndGlobalSection
EndGlobal
